
Microsoft Visual Studio Solution File, Format Version 12.00
# Visual Studio 14
VisualStudioVersion = 14.0.25123.0
MinimumVisualStudioVersion = 10.0.40219.1
Project("{FAE04EC0-301F-11D3-BF4B-00C04F79EFBC}") = "Algorithm.Core", "Algorithm.Core\Algorithm.Core.csproj", "{76D0554F-563E-49CF-B855-4983E6FB3D20}"
EndProject
Project("{FAE04EC0-301F-11D3-BF4B-00C04F79EFBC}") = "Algorithm.BaseCollection", "Algorithm.BaseCollection\Algorithm.BaseCollection.csproj", "{3B579064-B09E-4D13-AD6D-288203BD7A25}"
EndProject
Global
	GlobalSection(SolutionConfigurationPlatforms) = preSolution
		Debug|Any CPU = Debug|Any CPU
		Release|Any CPU = Release|Any CPU
	EndGlobalSection
	GlobalSection(ProjectConfigurationPlatforms) = postSolution
		{76D0554F-563E-49CF-B855-4983E6FB3D20}.Debug|Any CPU.ActiveCfg = Debug|Any CPU
		{76D0554F-563E-49CF-B855-4983E6FB3D20}.Debug|Any CPU.Build.0 = Debug|Any CPU
		{76D0554F-563E-49CF-B855-4983E6FB3D20}.Release|Any CPU.ActiveCfg = Release|Any CPU
		{76D0554F-563E-49CF-B855-4983E6FB3D20}.Release|Any CPU.Build.0 = Release|Any CPU
		{3B579064-B09E-4D13-AD6D-288203BD7A25}.Debug|Any CPU.ActiveCfg = Debug|Any CPU
		{3B579064-B09E-4D13-AD6D-288203BD7A25}.Debug|Any CPU.Build.0 = Debug|Any CPU
		{3B579064-B09E-4D13-AD6D-288203BD7A25}.Release|Any CPU.ActiveCfg = Release|Any CPU
		{3B579064-B09E-4D13-AD6D-288203BD7A25}.Release|Any CPU.Build.0 = Release|Any CPU
	EndGlobalSection
	GlobalSection(SolutionProperties) = preSolution
		HideSolutionNode = FALSE
	EndGlobalSection
EndGlobal
